github.com/Kahffi/go-print-slice v1.0.1 h1:66cfw7MnOo9FeExH0JD5ncZuVxI3dXvrhmDHBSNkL6o=
github.com/Kahffi/go-print-slice v1.0.1/go.mod h1:tydMMsPIRLW79upjLsboPuwVo72GK3idXfMKe60gTA4=
github.com/Kahffi/go-print-slice v1.0.2 h1:TU03ho460wKo0MoDI3iWRCQsecAi1oKB8Tr6FdJUWVw=
github.com/Kahffi/go-print-slice v1.0.2/go.mod h1:tydMMsPIRLW79upjLsboPuwVo72GK3idXfMKe60gTA4=
